// !$*UTF8*$!
{
	archiveVersion = 1;
	classes = {
	};
	objectVersion = 46;
	objects = {

/* Begin PBXBuildFile section */
		328718E118FFBAB60091B3B3 /* Foundation.framework in Frameworks */ = {isa = PBXBuildFile; fileRef = 328718E018FFBAB60091B3B3 /* Foundation.framework */; };
		328718E318FFBAB60091B3B3 /* CoreGraphics.framework in Frameworks */ = {isa = PBXBuildFile; fileRef = 328718E218FFBAB60091B3B3 /* CoreGraphics.framework */; };
		328718E518FFBAB60091B3B3 /* UIKit.framework in Frameworks */ = {isa = PBXBuildFile; fileRef = 328718E418FFBAB60091B3B3 /* UIKit.framework */; };
		328718EB18FFBAB60091B3B3 /* InfoPlist.strings in Resources */ = {isa = PBXBuildFile; fileRef = 328718E918FFBAB60091B3B3 /* InfoPlist.strings */; };
		328718ED18FFBAB60091B3B3 /* main.m in Sources */ = {isa = PBXBuildFile; fileRef = 328718EC18FFBAB60091B3B3 /* main.m */; };
		328718F118FFBAB60091B3B3 /* WhereamiAppDelegate.m in Sources */ = {isa = PBXBuildFile; fileRef = 328718F018FFBAB60091B3B3 /* WhereamiAppDelegate.m */; };
		328718F418FFBAB60091B3B3 /* Main.storyboard in Resources */ = {isa = PBXBuildFile; fileRef = 328718F218FFBAB60091B3B3 /* Main.storyboard */; };
		328718F718FFBAB60091B3B3 /* WhereamiViewController.m in Sources */ = {isa = PBXBuildFile; fileRef = 328718F618FFBAB60091B3B3 /* WhereamiViewController.m */; };
		328718F918FFBAB60091B3B3 /* Images.xcassets in Resources */ = {isa = PBXBuildFile; fileRef = 328718F818FFBAB60091B3B3 /* Images.xcassets */; };
		3287190018FFBAB60091B3B3 /* XCTest.framework in Frameworks */ = {isa = PBXBuildFile; fileRef = 328718FF18FFBAB60091B3B3 /* XCTest.framework */; };
		3287190118FFBAB60091B3B3 /* Foundation.framework in Frameworks */ = {isa = PBXBuildFile; fileRef = 328718E018FFBAB60091B3B3 /* Foundation.framework */; };
		3287190218FFBAB60091B3B3 /* UIKit.framework in Frameworks */ = {isa = PBXBuildFile; fileRef = 328718E418FFBAB60091B3B3 /* UIKit.framework */; };
		3287190A18FFBAB60091B3B3 /* InfoPlist.strings in Resources */ = {isa = PBXBuildFile; fileRef = 3287190818FFBAB60091B3B3 /* InfoPlist.strings */; };
		3287190C18FFBAB60091B3B3 /* WhereamiTests.m in Sources */ = {isa = PBXBuildFile; fileRef = 3287190B18FFBAB60091B3B3 /* WhereamiTests.m */; };
		3287191618FFBC9A0091B3B3 /* CoreLocation.framework in Frameworks */ = {isa = PBXBuildFile; fileRef = 3287191518FFBC9A0091B3B3 /* CoreLocation.framework */; };
/* End PBXBuildFile section */

/* Begin PBXContainerItemProxy section */
		3287190318FFBAB60091B3B3 /* PBXContainerItemProxy */ = {
			isa = PBXContainerItemProxy;
			containerPortal = 328718D518FFBAB60091B3B3 /* Project object */;
			proxyType = 1;
			remoteGlobalIDString = 328718DC18FFBAB60091B3B3;
			remoteInfo = Whereami;
		};
/* End PBXContainerItemProxy section */

/* Begin PBXFileReference section */
		328718DD18FFBAB60091B3B3 /* Whereami.app */ = {isa = PBXFileReference; explicitFileType = wrapper.application; includeInIndex = 0; path = Whereami.app; sourceTree = BUILT_PRODUCTS_DIR; };
		328718E018FFBAB60091B3B3 /* Foundation.framework */ = {isa = PBXFileReference; lastKnownFileType = wrapper.framework; name = Foundation.framework; path = System/Library/Frameworks/Foundation.framework; sourceTree = SDKROOT; };
		328718E218FFBAB60091B3B3 /* CoreGraphics.framework */ = {isa = PBXFileReference; lastKnownFileType = wrapper.framework; name = CoreGraphics.framework; path = System/Library/Frameworks/CoreGraphics.framework; sourceTree = SDKROOT; };
		328718E418FFBAB60091B3B3 /* UIKit.framework */ = {isa = PBXFileReference; lastKnownFileType = wrapper.framework; name = UIKit.framework; path = System/Library/Frameworks/UIKit.framework; sourceTree = SDKROOT; };
		328718E818FFBAB60091B3B3 /* Whereami-Info.plist */ = {isa = PBXFileReference; lastKnownFileType = text.plist.xml; path = "Whereami-Info.plist"; sourceTree = "<group>"; };
		328718EA18FFBAB60091B3B3 /* en */ = {isa = PBXFileReference; lastKnownFileType = text.plist.strings; name = en; path = en.lproj/InfoPlist.strings; sourceTree = "<group>"; };
		328718EC18FFBAB60091B3B3 /* main.m */ = {isa = PBXFileReference; lastKnownFileType = sourcecode.c.objc; path = main.m; sourceTree = "<group>"; };
		328718EE18FFBAB60091B3B3 /* Whereami-Prefix.pch */ = {isa = PBXFileReference; lastKnownFileType = sourcecode.c.h; path = "Whereami-Prefix.pch"; sourceTree = "<group>"; };
		328718EF18FFBAB60091B3B3 /* WhereamiAppDelegate.h */ = {isa = PBXFileReference; lastKnownFileType = sourcecode.c.h; path = WhereamiAppDelegate.h; sourceTree = "<group>"; };
		328718F018FFBAB60091B3B3 /* WhereamiAppDelegate.m */ = {isa = PBXFileReference; lastKnownFileType = sourcecode.c.objc; path = WhereamiAppDelegate.m; sourceTree = "<group>"; };
		328718F318FFBAB60091B3B3 /* Base */ = {isa = PBXFileReference; lastKnownFileType = file.storyboard; name = Base; path = Base.lproj/Main.storyboard; sourceTree = "<group>"; };
		328718F518FFBAB60091B3B3 /* WhereamiViewController.h */ = {isa = PBXFileReference; lastKnownFileType = sourcecode.c.h; path = WhereamiViewController.h; sourceTree = "<group>"; };
		328718F618FFBAB60091B3B3 /* WhereamiViewController.m */ = {isa = PBXFileReference; lastKnownFileType = sourcecode.c.objc; path = WhereamiViewController.m; sourceTree = "<group>"; };
		328718F818FFBAB60091B3B3 /* Images.xcassets */ = {isa = PBXFileReference; lastKnownFileType = folder.assetcatalog; path = Images.xcassets; sourceTree = "<group>"; };
		328718FE18FFBAB60091B3B3 /* WhereamiTests.xctest */ = {isa = PBXFileReference; explicitFileType = wrapper.cfbundle; includeInIndex = 0; path = WhereamiTests.xctest; sourceTree = BUILT_PRODUCTS_DIR; };
		328718FF18FFBAB60091B3B3 /* XCTest.framework */ = {isa = PBXFileReference; lastKnownFileType = wrapper.framework; name = XCTest.framework; path = Library/Frameworks/XCTest.framework; sourceTree = DEVELOPER_DIR; };
		3287190718FFBAB60091B3B3 /* WhereamiTests-Info.plist */ = {isa = PBXFileReference; lastKnownFileType = text.plist.xml; path = "WhereamiTests-Info.plist"; sourceTree = "<group>"; };
		3287190918FFBAB60091B3B3 /* en */ = {isa = PBXFileReference; lastKnownFileType = text.plist.strings; name = en; path = en.lproj/InfoPlist.strings; sourceTree = "<group>"; };
		3287190B18FFBAB60091B3B3 /* WhereamiTests.m */ = {isa = PBXFileReference; lastKnownFileType = sourcecode.c.objc; path = WhereamiTests.m; sourceTree = "<group>"; };
		3287191518FFBC9A0091B3B3 /* CoreLocation.framework */ = {isa = PBXFileReference; lastKnownFileType = wrapper.framework; name = CoreLocation.framework; path = System/Library/Frameworks/CoreLocation.framework; sourceTree = SDKROOT; };
/* End PBXFileReference section */

/* Begin PBXFrameworksBuildPhase section */
		328718DA18FFBAB60091B3B3 /* Frameworks */ = {
			isa = PBXFrameworksBuildPhase;
			buildActionMask = 2147483647;
			files = (
				3287191618FFBC9A0091B3B3 /* CoreLocation.framework in Frameworks */,
				328718E318FFBAB60091B3B3 /* CoreGraphics.framework in Frameworks */,
				328718E518FFBAB60091B3B3 /* UIKit.framework in Frameworks */,
				328718E118FFBAB60091B3B3 /* Foundation.framework in Frameworks */,
			);
			runOnlyForDeploymentPostprocessing = 0;
		};
		328718FB18FFBAB60091B3B3 /* Frameworks */ = {
			isa = PBXFrameworksBuildPhase;
			buildActionMask = 2147483647;
			files = (
				3287190018FFBAB60091B3B3 /* XCTest.framework in Frameworks */,
				3287190218FFBAB60091B3B3 /* UIKit.framework in Frameworks */,
				3287190118FFBAB60091B3B3 /* Foundation.framework in Frameworks */,
			);
			runOnlyForDeploymentPostprocessing = 0;
		};
/* End PBXFrameworksBuildPhase section */

/* Begin PBXGroup section */
		328718D418FFBAB60091B3B3 = {
			isa = PBXGroup;
			children = (
				328718E618FFBAB60091B3B3 /* Whereami */,
				3287190518FFBAB60091B3B3 /* WhereamiTests */,
				328718DF18FFBAB60091B3B3 /* Frameworks */,
				328718DE18FFBAB60091B3B3 /* Products */,
			);
			sourceTree = "<group>";
		};
		328718DE18FFBAB60091B3B3 /* Products */ = {
			isa = PBXGroup;
			children = (
				328718DD18FFBAB60091B3B3 /* Whereami.app */,
				328718FE18FFBAB60091B3B3 /* WhereamiTests.xctest */,
			);
			name = Products;
			sourceTree = "<group>";
		};
		328718DF18FFBAB60091B3B3 /* Frameworks */ = {
			isa = PBXGroup;
			children = (
				3287191518FFBC9A0091B3B3 /* CoreLocation.framework */,
				328718E018FFBAB60091B3B3 /* Foundation.framework */,
				328718E218FFBAB60091B3B3 /* CoreGraphics.framework */,
				328718E418FFBAB60091B3B3 /* UIKit.framework */,
				328718FF18FFBAB60091B3B3 /* XCTest.framework */,
			);
			name = Frameworks;
			sourceTree = "<group>";
		};
		328718E618FFBAB60091B3B3 /* Whereami */ = {
			isa = PBXGroup;
			children = (
				328718EF18FFBAB60091B3B3 /* WhereamiAppDelegate.h */,
				328718F018FFBAB60091B3B3 /* WhereamiAppDelegate.m */,
				328718F218FFBAB60091B3B3 /* Main.storyboard */,
				328718F518FFBAB60091B3B3 /* WhereamiViewController.h */,
				328718F618FFBAB60091B3B3 /* WhereamiViewController.m */,
				328718F818FFBAB60091B3B3 /* Images.xcassets */,
				328718E718FFBAB60091B3B3 /* Supporting Files */,
			);
			path = Whereami;
			sourceTree = "<group>";
		};
		328718E718FFBAB60091B3B3 /* Supporting Files */ = {
			isa = PBXGroup;
			children = (
				328718E818FFBAB60091B3B3 /* Whereami-Info.plist */,
				328718E918FFBAB60091B3B3 /* InfoPlist.strings */,
				328718EC18FFBAB60091B3B3 /* main.m */,
				328718EE18FFBAB60091B3B3 /* Whereami-Prefix.pch */,
			);
			name = "Supporting Files";
			sourceTree = "<group>";
		};
		3287190518FFBAB60091B3B3 /* WhereamiTests */ = {
			isa = PBXGroup;
			children = (
				3287190B18FFBAB60091B3B3 /* WhereamiTests.m */,
				3287190618FFBAB60091B3B3 /* Supporting Files */,
			);
			path = WhereamiTests;
			sourceTree = "<group>";
		};
		3287190618FFBAB60091B3B3 /* Supporting Files */ = {
			isa = PBXGroup;
			children = (
				3287190718FFBAB60091B3B3 /* WhereamiTests-Info.plist */,
				3287190818FFBAB60091B3B3 /* InfoPlist.strings */,
			);
			name = "Supporting Files";
			sourceTree = "<group>";
		};
/* End PBXGroup section */

/* Begin PBXNativeTarget section */
		328718DC18FFBAB60091B3B3 /* Whereami */ = {
			isa = PBXNativeTarget;
			buildConfigurationList = 3287190F18FFBAB60091B3B3 /* Build configuration list for PBXNativeTarget "Whereami" */;
			buildPhases = (
				328718D918FFBAB60091B3B3 /* Sources */,
				328718DA18FFBAB60091B3B3 /* Frameworks */,
				328718DB18FFBAB60091B3B3 /* Resources */,
			);
			buildRules = (
			);
			dependencies = (
			);
			name = Whereami;
			productName = Whereami;
			productReference = 328718DD18FFBAB60091B3B3 /* Whereami.app */;
			productType = "com.apple.product-type.application";
		};
		328718FD18FFBAB60091B3B3 /* WhereamiTests */ = {
			isa = PBXNativeTarget;
			buildConfigurationList = 3287191218FFBAB60091B3B3 /* Build configuration list for PBXNativeTarget "WhereamiTests" */;
			buildPhases = (
				328718FA18FFBAB60091B3B3 /* Sources */,
				328718FB18FFBAB60091B3B3 /* Frameworks */,
				328718FC18FFBAB60091B3B3 /* Resources */,
			);
			buildRules = (
			);
			dependencies = (
				3287190418FFBAB60091B3B3 /* PBXTargetDependency */,
			);
			name = WhereamiTests;
			productName = WhereamiTests;
			productReference = 328718FE18FFBAB60091B3B3 /* WhereamiTests.xctest */;
			productType = "com.apple.product-type.bundle.unit-test";
		};
/* End PBXNativeTarget section */

/* Begin PBXProject section */
		328718D518FFBAB60091B3B3 /* Project object */ = {
			isa = PBXProject;
			attributes = {
				CLASSPREFIX = Whereami;
				LastUpgradeCheck = 0510;
				TargetAttributes = {
					328718FD18FFBAB60091B3B3 = {
						TestTargetID = 328718DC18FFBAB60091B3B3;
					};
				};
			};
			buildConfigurationList = 328718D818FFBAB60091B3B3 /* Build configuration list for PBXProject "Whereami" */;
			compatibilityVersion = "Xcode 3.2";
			developmentRegion = English;
			hasScannedForEncodings = 0;
			knownRegions = (
				en,
				Base,
			);
			mainGroup = 328718D418FFBAB60091B3B3;
			productRefGroup = 328718DE18FFBAB60091B3B3 /* Products */;
			projectDirPath = "";
			projectRoot = "";
			targets = (
				328718DC18FFBAB60091B3B3 /* Whereami */,
				328718FD18FFBAB60091B3B3 /* WhereamiTests */,
			);
		};
/* End PBXProject section */

/* Begin PBXResourcesBuildPhase section */
		328718DB18FFBAB60091B3B3 /* Resources */ = {
			isa = PBXResourcesBuildPhase;
			buildActionMask = 2147483647;
			files = (
				328718F918FFBAB60091B3B3 /* Images.xcassets in Resources */,
				328718EB18FFBAB60091B3B3 /* InfoPlist.strings in Resources */,
				328718F418FFBAB60091B3B3 /* Main.storyboard in Resources */,
			);
			runOnlyForDeploymentPostprocessing = 0;
		};
		328718FC18FFBAB60091B3B3 /* Resources */ = {
			isa = PBXResourcesBuildPhase;
			buildActionMask = 2147483647;
			files = (
				3287190A18FFBAB60091B3B3 /* InfoPlist.strings in Resources */,
			);
			runOnlyForDeploymentPostprocessing = 0;
		};
/* End PBXResourcesBuildPhase section */

/* Begin PBXSourcesBuildPhase section */
		328718D918FFBAB60091B3B3 /* Sources */ = {
			isa = PBXSourcesBuildPhase;
			buildActionMask = 2147483647;
			files = (
				328718F118FFBAB60091B3B3 /* WhereamiAppDelegate.m in Sources */,
				328718ED18FFBAB60091B3B3 /* main.m in Sources */,
				328718F718FFBAB60091B3B3 /* WhereamiViewController.m in Sources */,
			);
			runOnlyForDeploymentPostprocessing = 0;
		};
		328718FA18FFBAB60091B3B3 /* Sources */ = {
			isa = PBXSourcesBuildPhase;
			buildActionMask = 2147483647;
			files = (
				3287190C18FFBAB60091B3B3 /* WhereamiTests.m in Sources */,
			);
			runOnlyForDeploymentPostprocessing = 0;
		};
/* End PBXSourcesBuildPhase section */

/* Begin PBXTargetDependency section */
		3287190418FFBAB60091B3B3 /* PBXTargetDependency */ = {
			isa = PBXTargetDependency;
			target = 328718DC18FFBAB60091B3B3 /* Whereami */;
			targetProxy = 3287190318FFBAB60091B3B3 /* PBXContainerItemProxy */;
		};
/* End PBXTargetDependency section */

/* Begin PBXVariantGroup section */
		328718E918FFBAB60091B3B3 /* InfoPlist.strings */ = {
			isa = PBXVariantGroup;
			children = (
				328718EA18FFBAB60091B3B3 /* en */,
			);
			name = InfoPlist.strings;
			sourceTree = "<group>";
		};
		328718F218FFBAB60091B3B3 /* Main.storyboard */ = {
			isa = PBXVariantGroup;
			children = (
				328718F318FFBAB60091B3B3 /* Base */,
			);
			name = Main.storyboard;
			sourceTree = "<group>";
		};
		3287190818FFBAB60091B3B3 /* InfoPlist.strings */ = {
			isa = PBXVariantGroup;
			children = (
				3287190918FFBAB60091B3B3 /* en */,
			);
			name = InfoPlist.strings;
			sourceTree = "<group>";
		};
/* End PBXVariantGroup section */

/* Begin XCBuildConfiguration section */
		3287190D18FFBAB60091B3B3 /* Debug */ = {
			isa = XCBuildConfiguration;
			buildSettings = {
				ALWAYS_SEARCH_USER_PATHS = NO;
				CLANG_CXX_LANGUAGE_STANDARD = "gnu++0x";
				CLANG_CXX_LIBRARY = "libc++";
				CLANG_ENABLE_MODULES = YES;
				CLANG_ENABLE_OBJC_ARC = YES;
				CLANG_WARN_BOOL_CONVERSION = YES;
				CLANG_WARN_CONSTANT_CONVERSION = YES;
				CLANG_WARN_DIRECT_OBJC_ISA_USAGE = YES_ERROR;
				CLANG_WARN_EMPTY_BODY = YES;
				CLANG_WARN_ENUM_CONVERSION = YES;
				CLANG_WARN_INT_CONVERSION = YES;
				CLANG_WARN_OBJC_ROOT_CLASS = YES_ERROR;
				CLANG_WARN__DUPLICATE_METHOD_MATCH = YES;
				"CODE_SIGN_IDENTITY[sdk=iphoneos*]" = "iPhone Developer";
				COPY_PHASE_STRIP = NO;
				GCC_C_LANGUAGE_STANDARD = gnu99;
				GCC_DYNAMIC_NO_PIC = NO;
				GCC_OPTIMIZATION_LEVEL = 0;
				GCC_PREPROCESSOR_DEFINITIONS = (
					"DEBUG=1",
					"$(inherited)",
				);
				GCC_SYMBOLS_PRIVATE_EXTERN = NO;
				GCC_WARN_64_TO_32_BIT_CONVERSION = YES;
				GCC_WARN_ABOUT_RETURN_TYPE = YES_ERROR;
				GCC_WARN_UNDECLARED_SELECTOR = YES;
				GCC_WARN_UNINITIALIZED_AUTOS = YES_AGGRESSIVE;
				GCC_WARN_UNUSED_FUNCTION = YES;
				GCC_WARN_UNUSED_VARIABLE = YES;
				IPHONEOS_DEPLOYMENT_TARGET = 7.1;
				ONLY_ACTIVE_ARCH = YES;
				SDKROOT = iphoneos;
			};
			name = Debug;
		};
		3287190E18FFBAB60091B3B3 /* Release */ = {
			isa = XCBuildConfiguration;
			buildSettings = {
				ALWAYS_SEARCH_USER_PATHS = NO;
				CLANG_CXX_LANGUAGE_STANDARD = "gnu++0x";
				CLANG_CXX_LIBRARY = "libc++";
				CLANG_ENABLE_MODULES = YES;
				CLANG_ENABLE_OBJC_ARC = YES;
				CLANG_WARN_BOOL_CONVERSION = YES;
				CLANG_WARN_CONSTANT_CONVERSION = YES;
				CLANG_WARN_DIRECT_OBJC_ISA_USAGE = YES_ERROR;
				CLANG_WARN_EMPTY_BODY = YES;
				CLANG_WARN_ENUM_CONVERSION = YES;
				CLANG_WARN_INT_CONVERSION = YES;
				CLANG_WARN_OBJC_ROOT_CLASS = YES_ERROR;
				CLANG_WARN__DUPLICATE_METHOD_MATCH = YES;
				"CODE_SIGN_IDENTITY[sdk=iphoneos*]" = "iPhone Developer";
				COPY_PHASE_STRIP = YES;
				ENABLE_NS_ASSERTIONS = NO;
				GCC_C_LANGUAGE_STANDARD = gnu99;
				GCC_WARN_64_TO_32_BIT_CONVERSION = YES;
				GCC_WARN_ABOUT_RETURN_TYPE = YES_ERROR;
				GCC_WARN_UNDECLARED_SELECTOR = YES;
				GCC_WARN_UNINITIALIZED_AUTOS = YES_AGGRESSIVE;
				GCC_WARN_UNUSED_FUNCTION = YES;
				GCC_WARN_UNUSED_VARIABLE = YES;
				IPHONEOS_DEPLOYMENT_TARGET = 7.1;
				SDKROOT = iphoneos;
				VALIDATE_PRODUCT = YES;
			};
			name = Release;
		};
		3287191018FFBAB60091B3B3 /* Debug */ = {
			isa = XCBuildConfiguration;
			buildSettings = {
				ASSETCATALOG_COMPILER_APPICON_NAME = AppIcon;
				ASSETCATALOG_COMPILER_LAUNCHIMAGE_NAME = LaunchImage;
				GCC_PRECOMPILE_PREFIX_HEADER = YES;
				GCC_PREFIX_HEADER = "Whereami/Whereami-Prefix.pch";
				INFOPLIST_FILE = "Whereami/Whereami-Info.plist";
				PRODUCT_NAME = "$(TARGET_NAME)";
				WRAPPER_EXTENSION = app;
			};
			name = Debug;
		};
		3287191118FFBAB60091B3B3 /* Release */ = {
			isa = XCBuildConfiguration;
			buildSettings = {
				ASSETCATALOG_COMPILER_APPICON_NAME = AppIcon;
				ASSETCATALOG_COMPILER_LAUNCHIMAGE_NAME = LaunchImage;
				GCC_PRECOMPILE_PREFIX_HEADER = YES;
				GCC_PREFIX_HEADER = "Whereami/Whereami-Prefix.pch";
				INFOPLIST_FILE = "Whereami/Whereami-Info.plist";
				PRODUCT_NAME = "$(TARGET_NAME)";
				WRAPPER_EXTENSION = app;
			};
			name = Release;
		};
		3287191318FFBAB60091B3B3 /* Debug */ = {
			isa = XCBuildConfiguration;
			buildSettings = {
				BUNDLE_LOADER = "$(BUILT_PRODUCTS_DIR)/Whereami.app/Whereami";
				FRAMEWORK_SEARCH_PATHS = (
					"$(SDKROOT)/Developer/Library/Frameworks",
					"$(inherited)",
					"$(DEVELOPER_FRAMEWORKS_DIR)",
				);
				GCC_PRECOMPILE_PREFIX_HEADER = YES;
				GCC_PREFIX_HEADER = "Whereami/Whereami-Prefix.pch";
				GCC_PREPROCESSOR_DEFINITIONS = (
					"DEBUG=1",
					"$(inherited)",
				);
				INFOPLIST_FILE = "WhereamiTests/WhereamiTests-Info.plist";
				PRODUCT_NAME = "$(TARGET_NAME)";
				TEST_HOST = "$(BUNDLE_LOADER)";
				WRAPPER_EXTENSION = xctest;
			};
			name = Debug;
		};
		3287191418FFBAB60091B3B3 /* Release */ = {
			isa = XCBuildConfiguration;
			buildSettings = {
				BUNDLE_LOADER = "$(BUILT_PRODUCTS_DIR)/Whereami.app/Whereami";
				FRAMEWORK_SEARCH_PATHS = (
					"$(SDKROOT)/Developer/Library/Frameworks",
					"$(inherited)",
					"$(DEVELOPER_FRAMEWORKS_DIR)",
				);
				GCC_PRECOMPILE_PREFIX_HEADER = YES;
				GCC_PREFIX_HEADER = "Whereami/Whereami-Prefix.pch";
				INFOPLIST_FILE = "WhereamiTests/WhereamiTests-Info.plist";
				PRODUCT_NAME = "$(TARGET_NAME)";
				TEST_HOST = "$(BUNDLE_LOADER)";
				WRAPPER_EXTENSION = xctest;
			};
			name = Release;
		};
/* End XCBuildConfiguration section */

/* Begin XCConfigurationList section */
		328718D818FFBAB60091B3B3 /* Build configuration list for PBXProject "Whereami" */ = {
			isa = XCConfigurationList;
			buildConfigurations = (
				3287190D18FFBAB60091B3B3 /* Debug */,
				3287190E18FFBAB60091B3B3 /* Release */,
			);
			defaultConfigurationIsVisible = 0;
			defaultConfigurationName = Release;
		};
		3287190F18FFBAB60091B3B3 /* Build configuration list for PBXNativeTarget "Whereami" */ = {
			isa = XCConfigurationList;
			buildConfigurations = (
				3287191018FFBAB60091B3B3 /* Debug */,
				3287191118FFBAB60091B3B3 /* Release */,
			);
			defaultConfigurationIsVisible = 0;
		};
		3287191218FFBAB60091B3B3 /* Build configuration list for PBXNativeTarget "WhereamiTests" */ = {
			isa = XCConfigurationList;
			buildConfigurations = (
				3287191318FFBAB60091B3B3 /* Debug */,
				3287191418FFBAB60091B3B3 /* Release */,
			);
			defaultConfigurationIsVisible = 0;
		};
/* End XCConfigurationList section */
	};
	rootObject = 328718D518FFBAB60091B3B3 /* Project object */;
}
